// !$*UTF8*$!
{
	archiveVersion = 1;
	classes = {
	};
	objectVersion = 55;
	objects = {

/* Begin PBXBuildFile section */
		3C05EEAB281037FE00BE735A /* AppDelegate.swift in Sources */ = {isa = PBXBuildFile; fileRef = 3C05EEAA281037FE00BE735A /* AppDelegate.swift */; };
		3C05EEAD281037FE00BE735A /* SceneDelegate.swift in Sources */ = {isa = PBXBuildFile; fileRef = 3C05EEAC281037FE00BE735A /* SceneDelegate.swift */; };
		3C05EEAF281037FE00BE735A /* WelcomeViewController.swift in Sources */ = {isa = PBXBuildFile; fileRef = 3C05EEAE281037FE00BE735A /* WelcomeViewController.swift */; };
		3C05EEB2281037FE00BE735A /* Main.storyboard in Resources */ = {isa = PBXBuildFile; fileRef = 3C05EEB0281037FE00BE735A /* Main.storyboard */; };
		3C05EEB42810380200BE735A /* Assets.xcassets in Resources */ = {isa = PBXBuildFile; fileRef = 3C05EEB32810380200BE735A /* Assets.xcassets */; };
		3C05EEB72810380200BE735A /* LaunchScreen.storyboard in Resources */ = {isa = PBXBuildFile; fileRef = 3C05EEB52810380200BE735A /* LaunchScreen.storyboard */; };
		3C05EEC0281038E600BE735A /* RegisterViewController.swift in Sources */ = {isa = PBXBuildFile; fileRef = 3C05EEBF281038E600BE735A /* RegisterViewController.swift */; };
		3C05EEC2281038FF00BE735A /* LoginViewController.swift in Sources */ = {isa = PBXBuildFile; fileRef = 3C05EEC1281038FF00BE735A /* LoginViewController.swift */; };
		3C05EEC42810390D00BE735A /* ChatViewController.swift in Sources */ = {isa = PBXBuildFile; fileRef = 3C05EEC32810390D00BE735A /* ChatViewController.swift */; };
		3C05EECF28119B0900BE735A /* GoogleService-Info.plist in Resources */ = {isa = PBXBuildFile; fileRef = 3C05EECE28119B0900BE735A /* GoogleService-Info.plist */; };
		3C61EFEAE2A623C096D631B1 /* libPods-iFlashChat.a in Frameworks */ = {isa = PBXBuildFile; fileRef = 2E4061EA34BA6E98A841D73D /* libPods-iFlashChat.a */; };
/* End PBXBuildFile section */

/* Begin PBXFileReference section */
		2E4061EA34BA6E98A841D73D /* libPods-iFlashChat.a */ = {isa = PBXFileReference; explicitFileType = archive.ar; includeInIndex = 0; path = "libPods-iFlashChat.a"; sourceTree = BUILT_PRODUCTS_DIR; };
		3C05EEA7281037FE00BE735A /* iFlashChat.app */ = {isa = PBXFileReference; explicitFileType = wrapper.application; includeInIndex = 0; path = iFlashChat.app; sourceTree = BUILT_PRODUCTS_DIR; };
		3C05EEAA281037FE00BE735A /* AppDelegate.swift */ = {isa = PBXFileReference; lastKnownFileType = sourcecode.swift; path = AppDelegate.swift; sourceTree = "<group>"; };
		3C05EEAC281037FE00BE735A /* SceneDelegate.swift */ = {isa = PBXFileReference; lastKnownFileType = sourcecode.swift; path = SceneDelegate.swift; sourceTree = "<group>"; };
		3C05EEAE281037FE00BE735A /* WelcomeViewController.swift */ = {isa = PBXFileReference; lastKnownFileType = sourcecode.swift; path = WelcomeViewController.swift; sourceTree = "<group>"; };
		3C05EEB1281037FE00BE735A /* Base */ = {isa = PBXFileReference; lastKnownFileType = file.storyboard; name = Base; path = Base.lproj/Main.storyboard; sourceTree = "<group>"; };
		3C05EEB32810380200BE735A /* Assets.xcassets */ = {isa = PBXFileReference; lastKnownFileType = folder.assetcatalog; path = Assets.xcassets; sourceTree = "<group>"; };
		3C05EEB62810380200BE735A /* Base */ = {isa = PBXFileReference; lastKnownFileType = file.storyboard; name = Base; path = Base.lproj/LaunchScreen.storyboard; sourceTree = "<group>"; };
		3C05EEB82810380200BE735A /* Info.plist */ = {isa = PBXFileReference; lastKnownFileType = text.plist.xml; path = Info.plist; sourceTree = "<group>"; };
		3C05EEBF281038E600BE735A /* RegisterViewController.swift */ = {isa = PBXFileReference; lastKnownFileType = sourcecode.swift; path = RegisterViewController.swift; sourceTree = "<group>"; };
		3C05EEC1281038FF00BE735A /* LoginViewController.swift */ = {isa = PBXFileReference; lastKnownFileType = sourcecode.swift; path = LoginViewController.swift; sourceTree = "<group>"; };
		3C05EEC32810390D00BE735A /* ChatViewController.swift */ = {isa = PBXFileReference; lastKnownFileType = sourcecode.swift; path = ChatViewController.swift; sourceTree = "<group>"; };
		3C05EECE28119B0900BE735A /* GoogleService-Info.plist */ = {isa = PBXFileReference; fileEncoding = 4; lastKnownFileType = text.plist.xml; path = "GoogleService-Info.plist"; sourceTree = "<group>"; };
		58507604190F43EE3F344AAB /* Pods-iFlashChat.release.xcconfig */ = {isa = PBXFileReference; includeInIndex = 1; lastKnownFileType = text.xcconfig; name = "Pods-iFlashChat.release.xcconfig"; path = "Target Support Files/Pods-iFlashChat/Pods-iFlashChat.release.xcconfig"; sourceTree = "<group>"; };
		6A1F963B427D53EE315A25B5 /* Pods-iFlashChat.debug.xcconfig */ = {isa = PBXFileReference; includeInIndex = 1; lastKnownFileType = text.xcconfig; name = "Pods-iFlashChat.debug.xcconfig"; path = "Target Support Files/Pods-iFlashChat/Pods-iFlashChat.debug.xcconfig"; sourceTree = "<group>"; };
/* End PBXFileReference section */

/* Begin PBXFrameworksBuildPhase section */
		3C05EEA4281037FD00BE735A /* Frameworks */ = {
			isa = PBXFrameworksBuildPhase;
			buildActionMask = 2147483647;
			files = (
				3C61EFEAE2A623C096D631B1 /* libPods-iFlashChat.a in Frameworks */,
			);
			runOnlyForDeploymentPostprocessing = 0;
		};
/* End PBXFrameworksBuildPhase section */

/* Begin PBXGroup section */
		3C05EE9E281037FD00BE735A = {
			isa = PBXGroup;
			children = (
				3C05EEA9281037FE00BE735A /* iFlashChat */,
				3C05EEA8281037FE00BE735A /* Products */,
				F186CD47A19A57FB0981CD44 /* Pods */,
				432CB074122610A43DED042A /* Frameworks */,
			);
			sourceTree = "<group>";
		};
		3C05EEA8281037FE00BE735A /* Products */ = {
			isa = PBXGroup;
			children = (
				3C05EEA7281037FE00BE735A /* iFlashChat.app */,
			);
			name = Products;
			sourceTree = "<group>";
		};
		3C05EEA9281037FE00BE735A /* iFlashChat */ = {
			isa = PBXGroup;
			children = (
				3C05EEAA281037FE00BE735A /* AppDelegate.swift */,
				3C05EEAC281037FE00BE735A /* SceneDelegate.swift */,
				3C05EEC6281085FB00BE735A /* Models */,
				3C05EEBE281038C100BE735A /* Controllers */,
				3C05EEC5281085ED00BE735A /* VIews */,
				3C05EEB32810380200BE735A /* Assets.xcassets */,
				3C05EEB52810380200BE735A /* LaunchScreen.storyboard */,
				3C05EECE28119B0900BE735A /* GoogleService-Info.plist */,
				3C05EEB82810380200BE735A /* Info.plist */,
			);
			path = iFlashChat;
			sourceTree = "<group>";
		};
		3C05EEBE281038C100BE735A /* Controllers */ = {
			isa = PBXGroup;
			children = (
				3C05EEAE281037FE00BE735A /* WelcomeViewController.swift */,
				3C05EEBF281038E600BE735A /* RegisterViewController.swift */,
				3C05EEC1281038FF00BE735A /* LoginViewController.swift */,
				3C05EEC32810390D00BE735A /* ChatViewController.swift */,
			);
			path = Controllers;
			sourceTree = "<group>";
		};
		3C05EEC5281085ED00BE735A /* VIews */ = {
			isa = PBXGroup;
			children = (
				3C05EEB0281037FE00BE735A /* Main.storyboard */,
			);
			path = VIews;
			sourceTree = "<group>";
		};
		3C05EEC6281085FB00BE735A /* Models */ = {
			isa = PBXGroup;
			children = (
			);
			path = Models;
			sourceTree = "<group>";
		};
		432CB074122610A43DED042A /* Frameworks */ = {
			isa = PBXGroup;
			children = (
				2E4061EA34BA6E98A841D73D /* libPods-iFlashChat.a */,
			);
			name = Frameworks;
			sourceTree = "<group>";
		};
		F186CD47A19A57FB0981CD44 /* Pods */ = {
			isa = PBXGroup;
			children = (
				6A1F963B427D53EE315A25B5 /* Pods-iFlashChat.debug.xcconfig */,
				58507604190F43EE3F344AAB /* Pods-iFlashChat.release.xcconfig */,
			);
			name = Pods;
			path = Pods;
			sourceTree = "<group>";
		};
/* End PBXGroup section */

/* Begin PBXNativeTarget section */
		3C05EEA6281037FD00BE735A /* iFlashChat */ = {
			isa = PBXNativeTarget;
			buildConfigurationList = 3C05EEBB2810380200BE735A /* Build configuration list for PBXNativeTarget "iFlashChat" */;
			buildPhases = (
				0949DDC2DECFDF31918C18DA /* [CP] Check Pods Manifest.lock */,
				3C05EEA3281037FD00BE735A /* Sources */,
				3C05EEA4281037FD00BE735A /* Frameworks */,
				3C05EEA5281037FD00BE735A /* Resources */,
				34886B6177AD0356BDBAAAE1 /* [CP] Copy Pods Resources */,
			);
			buildRules = (
			);
			dependencies = (
			);
			name = iFlashChat;
			productName = iFlashChat;
			productReference = 3C05EEA7281037FE00BE735A /* iFlashChat.app */;
			productType = "com.apple.product-type.application";
		};
/* End PBXNativeTarget section */

/* Begin PBXProject section */
		3C05EE9F281037FD00BE735A /* Project object */ = {
			isa = PBXProject;
			attributes = {
				BuildIndependentTargetsInParallel = 1;
				LastSwiftUpdateCheck = 1330;
				LastUpgradeCheck = 1330;
				TargetAttributes = {
					3C05EEA6281037FD00BE735A = {
						CreatedOnToolsVersion = 13.3.1;
					};
				};
			};
			buildConfigurationList = 3C05EEA2281037FD00BE735A /* Build configuration list for PBXProject "iFlashChat" */;
			compatibilityVersion = "Xcode 13.0";
			developmentRegion = en;
			hasScannedForEncodings = 0;
			knownRegions = (
				en,
				Base,
			);
			mainGroup = 3C05EE9E281037FD00BE735A;
			productRefGroup = 3C05EEA8281037FE00BE735A /* Products */;
			projectDirPath = "";
			projectRoot = "";
			targets = (
				3C05EEA6281037FD00BE735A /* iFlashChat */,
			);
		};
/* End PBXProject section */

/* Begin PBXResourcesBuildPhase section */
		3C05EEA5281037FD00BE735A /* Resources */ = {
			isa = PBXResourcesBuildPhase;
			buildActionMask = 2147483647;
			files = (
				3C05EEB72810380200BE735A /* LaunchScreen.storyboard in Resources */,
				3C05EECF28119B0900BE735A /* GoogleService-Info.plist in Resources */,
				3C05EEB42810380200BE735A /* Assets.xcassets in Resources */,
				3C05EEB2281037FE00BE735A /* Main.storyboard in Resources */,
			);
			runOnlyForDeploymentPostprocessing = 0;
		};
/* End PBXResourcesBuildPhase section */

/* Begin PBXShellScriptBuildPhase section */
		0949DDC2DECFDF31918C18DA /* [CP] Check Pods Manifest.lock */ = {
			isa = PBXShellScriptBuildPhase;
			buildActionMask = 2147483647;
			files = (
			);
			inputFileListPaths = (
			);
			inputPaths = (
				"${PODS_PODFILE_DIR_PATH}/Podfile.lock",
				"${PODS_ROOT}/Manifest.lock",
			);
			name = "[CP] Check Pods Manifest.lock";
			outputFileListPaths = (
			);
			outputPaths = (
				"$(DERIVED_FILE_DIR)/Pods-iFlashChat-checkManifestLockResult.txt",
			);
			runOnlyForDeploymentPostprocessing = 0;
			shellPath = /bin/sh;
			shellScript = "diff \"${PODS_PODFILE_DIR_PATH}/Podfile.lock\" \"${PODS_ROOT}/Manifest.lock\" > /dev/null\nif [ $? != 0 ] ; then\n    # print error to STDERR\n    echo \"error: The sandbox is not in sync with the Podfile.lock. Run 'pod install' or update your CocoaPods installation.\" >&2\n    exit 1\nfi\n# This output is used by Xcode 'outputs' to avoid re-running this script phase.\necho \"SUCCESS\" > \"${SCRIPT_OUTPUT_FILE_0}\"\n";
			showEnvVarsInLog = 0;
		};
		34886B6177AD0356BDBAAAE1 /* [CP] Copy Pods Resources */ = {
			isa = PBXShellScriptBuildPhase;
			buildActionMask = 2147483647;
			files = (
			);
			inputFileListPaths = (
				"${PODS_ROOT}/Target Support Files/Pods-iFlashChat/Pods-iFlashChat-resources-${CONFIGURATION}-input-files.xcfilelist",
			);
			name = "[CP] Copy Pods Resources";
			outputFileListPaths = (
				"${PODS_ROOT}/Target Support Files/Pods-iFlashChat/Pods-iFlashChat-resources-${CONFIGURATION}-output-files.xcfilelist",
			);
			runOnlyForDeploymentPostprocessing = 0;
			shellPath = /bin/sh;
			shellScript = "\"${PODS_ROOT}/Target Support Files/Pods-iFlashChat/Pods-iFlashChat-resources.sh\"\n";
			showEnvVarsInLog = 0;
		};
/* End PBXShellScriptBuildPhase section */

/* Begin PBXSourcesBuildPhase section */
		3C05EEA3281037FD00BE735A /* Sources */ = {
			isa = PBXSourcesBuildPhase;
			buildActionMask = 2147483647;
			files = (
				3C05EEAF281037FE00BE735A /* WelcomeViewController.swift in Sources */,
				3C05EEAB281037FE00BE735A /* AppDelegate.swift in Sources */,
				3C05EEAD281037FE00BE735A /* SceneDelegate.swift in Sources */,
				3C05EEC2281038FF00BE735A /* LoginViewController.swift in Sources */,
				3C05EEC42810390D00BE735A /* ChatViewController.swift in Sources */,
				3C05EEC0281038E600BE735A /* RegisterViewController.swift in Sources */,
			);
			runOnlyForDeploymentPostprocessing = 0;
		};
/* End PBXSourcesBuildPhase section */

/* Begin PBXVariantGroup section */
		3C05EEB0281037FE00BE735A /* Main.storyboard */ = {
			isa = PBXVariantGroup;
			children = (
				3C05EEB1281037FE00BE735A /* Base */,
			);
			name = Main.storyboard;
			sourceTree = "<group>";
		};
		3C05EEB52810380200BE735A /* LaunchScreen.storyboard */ = {
			isa = PBXVariantGroup;
			children = (
				3C05EEB62810380200BE735A /* Base */,
			);
			name = LaunchScreen.storyboard;
			sourceTree = "<group>";
		};
/* End PBXVariantGroup section */

/* Begin XCBuildConfiguration section */
		3C05EEB92810380200BE735A /* Debug */ = {
			isa = XCBuildConfiguration;
			buildSettings = {
				ALWAYS_SEARCH_USER_PATHS = NO;
				CLANG_ANALYZER_NONNULL = YES;
				CLANG_ANALYZER_NUMBER_OBJECT_CONVERSION = YES_AGGRESSIVE;
				CLANG_CXX_LANGUAGE_STANDARD = "gnu++17";
				CLANG_ENABLE_MODULES = YES;
				CLANG_ENABLE_OBJC_ARC = YES;
				CLANG_ENABLE_OBJC_WEAK = YES;
				CLANG_WARN_BLOCK_CAPTURE_AUTORELEASING = YES;
				CLANG_WARN_BOOL_CONVERSION = YES;
				CLANG_WARN_COMMA = YES;
				CLANG_WARN_CONSTANT_CONVERSION = YES;
				CLANG_WARN_DEPRECATED_OBJC_IMPLEMENTATIONS = YES;
				CLANG_WARN_DIRECT_OBJC_ISA_USAGE = YES_ERROR;
				CLANG_WARN_DOCUMENTATION_COMMENTS = YES;
				CLANG_WARN_EMPTY_BODY = YES;
				CLANG_WARN_ENUM_CONVERSION = YES;
				CLANG_WARN_INFINITE_RECURSION = YES;
				CLANG_WARN_INT_CONVERSION = YES;
				CLANG_WARN_NON_LITERAL_NULL_CONVERSION = YES;
				CLANG_WARN_OBJC_IMPLICIT_RETAIN_SELF = YES;
				CLANG_WARN_OBJC_LITERAL_CONVERSION = YES;
				CLANG_WARN_OBJC_ROOT_CLASS = YES_ERROR;
				CLANG_WARN_QUOTED_INCLUDE_IN_FRAMEWORK_HEADER = YES;
				CLANG_WARN_RANGE_LOOP_ANALYSIS = YES;
				CLANG_WARN_STRICT_PROTOTYPES = YES;
				CLANG_WARN_SUSPICIOUS_MOVE = YES;
				CLANG_WARN_UNGUARDED_AVAILABILITY = YES_AGGRESSIVE;
				CLANG_WARN_UNREACHABLE_CODE = YES;
				CLANG_WARN__DUPLICATE_METHOD_MATCH = YES;
				COPY_PHASE_STRIP = NO;
				DEBUG_INFORMATION_FORMAT = dwarf;
				ENABLE_STRICT_OBJC_MSGSEND = YES;
				ENABLE_TESTABILITY = YES;
				GCC_C_LANGUAGE_STANDARD = gnu11;
				GCC_DYNAMIC_NO_PIC = NO;
				GCC_NO_COMMON_BLOCKS = YES;
				GCC_OPTIMIZATION_LEVEL = 0;
				GCC_PREPROCESSOR_DEFINITIONS = (
					"DEBUG=1",
					"$(inherited)",
				);
				GCC_WARN_64_TO_32_BIT_CONVERSION = YES;
				GCC_WARN_ABOUT_RETURN_TYPE = YES_ERROR;
				GCC_WARN_UNDECLARED_SELECTOR = YES;
				GCC_WARN_UNINITIALIZED_AUTOS = YES_AGGRESSIVE;
				GCC_WARN_UNUSED_FUNCTION = YES;
				GCC_WARN_UNUSED_VARIABLE = YES;
				IPHONEOS_DEPLOYMENT_TARGET = 15.4;
				MTL_ENABLE_DEBUG_INFO = INCLUDE_SOURCE;
				MTL_FAST_MATH = YES;
				ONLY_ACTIVE_ARCH = YES;
				SDKROOT = iphoneos;
				SWIFT_ACTIVE_COMPILATION_CONDITIONS = DEBUG;
				SWIFT_OPTIMIZATION_LEVEL = "-Onone";
			};
			name = Debug;
		};
		3C05EEBA2810380200BE735A /* Release */ = {
			isa = XCBuildConfiguration;
			buildSettings = {
				ALWAYS_SEARCH_USER_PATHS = NO;
				CLANG_ANALYZER_NONNULL = YES;
				CLANG_ANALYZER_NUMBER_OBJECT_CONVERSION = YES_AGGRESSIVE;
				CLANG_CXX_LANGUAGE_STANDARD = "gnu++17";
				CLANG_ENABLE_MODULES = YES;
				CLANG_ENABLE_OBJC_ARC = YES;
				CLANG_ENABLE_OBJC_WEAK = YES;
				CLANG_WARN_BLOCK_CAPTURE_AUTORELEASING = YES;
				CLANG_WARN_BOOL_CONVERSION = YES;
				CLANG_WARN_COMMA = YES;
				CLANG_WARN_CONSTANT_CONVERSION = YES;
				CLANG_WARN_DEPRECATED_OBJC_IMPLEMENTATIONS = YES;
				CLANG_WARN_DIRECT_OBJC_ISA_USAGE = YES_ERROR;
				CLANG_WARN_DOCUMENTATION_COMMENTS = YES;
				CLANG_WARN_EMPTY_BODY = YES;
				CLANG_WARN_ENUM_CONVERSION = YES;
				CLANG_WARN_INFINITE_RECURSION = YES;
				CLANG_WARN_INT_CONVERSION = YES;
				CLANG_WARN_NON_LITERAL_NULL_CONVERSION = YES;
				CLANG_WARN_OBJC_IMPLICIT_RETAIN_SELF = YES;
				CLANG_WARN_OBJC_LITERAL_CONVERSION = YES;
				CLANG_WARN_OBJC_ROOT_CLASS = YES_ERROR;
				CLANG_WARN_QUOTED_INCLUDE_IN_FRAMEWORK_HEADER = YES;
				CLANG_WARN_RANGE_LOOP_ANALYSIS = YES;
				CLANG_WARN_STRICT_PROTOTYPES = YES;
				CLANG_WARN_SUSPICIOUS_MOVE = YES;
				CLANG_WARN_UNGUARDED_AVAILABILITY = YES_AGGRESSIVE;
				CLANG_WARN_UNREACHABLE_CODE = YES;
				CLANG_WARN__DUPLICATE_METHOD_MATCH = YES;
				COPY_PHASE_STRIP = NO;
				DEBUG_INFORMATION_FORMAT = "dwarf-with-dsym";
				ENABLE_NS_ASSERTIONS = NO;
				ENABLE_STRICT_OBJC_MSGSEND = YES;
				GCC_C_LANGUAGE_STANDARD = gnu11;
				GCC_NO_COMMON_BLOCKS = YES;
				GCC_WARN_64_TO_32_BIT_CONVERSION = YES;
				GCC_WARN_ABOUT_RETURN_TYPE = YES_ERROR;
				GCC_WARN_UNDECLARED_SELECTOR = YES;
				GCC_WARN_UNINITIALIZED_AUTOS = YES_AGGRESSIVE;
				GCC_WARN_UNUSED_FUNCTION = YES;
				GCC_WARN_UNUSED_VARIABLE = YES;
				IPHONEOS_DEPLOYMENT_TARGET = 15.4;
				MTL_ENABLE_DEBUG_INFO = NO;
				MTL_FAST_MATH = YES;
				SDKROOT = iphoneos;
				SWIFT_COMPILATION_MODE = wholemodule;
				SWIFT_OPTIMIZATION_LEVEL = "-O";
				VALIDATE_PRODUCT = YES;
			};
			name = Release;
		};
		3C05EEBC2810380200BE735A /* Debug */ = {
			isa = XCBuildConfiguration;
			baseConfigurationReference = 6A1F963B427D53EE315A25B5 /* Pods-iFlashChat.debug.xcconfig */;
			buildSettings = {
				ASSETCATALOG_COMPILER_APPICON_NAME = AppIcon;
				ASSETCATALOG_COMPILER_GLOBAL_ACCENT_COLOR_NAME = AccentColor;
				CODE_SIGN_STYLE = Automatic;
				CURRENT_PROJECT_VERSION = 1;
				DEVELOPMENT_TEAM = RQYPG8XK25;
				GENERATE_INFOPLIST_FILE = YES;
				INFOPLIST_FILE = iFlashChat/Info.plist;
				INFOPLIST_KEY_UIApplicationSupportsIndirectInputEvents = YES;
				INFOPLIST_KEY_UILaunchStoryboardName = LaunchScreen;
				INFOPLIST_KEY_UIMainStoryboardFile = Main;
				INFOPLIST_KEY_UISupportedInterfaceOrientations_iPad = "UIInterfaceOrientationPortrait UIInterfaceOrientationPortraitUpsideDown UIInterfaceOrientationLandscapeLeft UIInterfaceOrientationLandscapeRight";
				INFOPLIST_KEY_UISupportedInterfaceOrientations_iPhone = "UIInterfaceOrientationPortrait UIInterfaceOrientationLandscapeLeft UIInterfaceOrientationLandscapeRight";
				LD_RUNPATH_SEARCH_PATHS = (
					"$(inherited)",
					"@executable_path/Frameworks",
				);
				MARKETING_VERSION = 1.0;
				PRODUCT_BUNDLE_IDENTIFIER = com.ckost9n.iFlashChat;
				PRODUCT_NAME = "$(TARGET_NAME)";
				SWIFT_EMIT_LOC_STRINGS = YES;
				SWIFT_VERSION = 5.0;
				TARGETED_DEVICE_FAMILY = "1,2";
			};
			name = Debug;
		};
		3C05EEBD2810380200BE735A /* Release */ = {
			isa = XCBuildConfiguration;
			baseConfigurationReference = 58507604190F43EE3F344AAB /* Pods-iFlashChat.release.xcconfig */;
			buildSettings = {
				ASSETCATALOG_COMPILER_APPICON_NAME = AppIcon;
				ASSETCATALOG_COMPILER_GLOBAL_ACCENT_COLOR_NAME = AccentColor;
				CODE_SIGN_STYLE = Automatic;
				CURRENT_PROJECT_VERSION = 1;
				DEVELOPMENT_TEAM = RQYPG8XK25;
				GENERATE_INFOPLIST_FILE = YES;
				INFOPLIST_FILE = iFlashChat/Info.plist;
				INFOPLIST_KEY_UIApplicationSupportsIndirectInputEvents = YES;
				INFOPLIST_KEY_UILaunchStoryboardName = LaunchScreen;
				INFOPLIST_KEY_UIMainStoryboardFile = Main;
				INFOPLIST_KEY_UISupportedInterfaceOrientations_iPad = "UIInterfaceOrientationPortrait UIInterfaceOrientationPortraitUpsideDown UIInterfaceOrientationLandscapeLeft UIInterfaceOrientationLandscapeRight";
				INFOPLIST_KEY_UISupportedInterfaceOrientations_iPhone = "UIInterfaceOrientationPortrait UIInterfaceOrientationLandscapeLeft UIInterfaceOrientationLandscapeRight";
				LD_RUNPATH_SEARCH_PATHS = (
					"$(inherited)",
					"@executable_path/Frameworks",
				);
				MARKETING_VERSION = 1.0;
				PRODUCT_BUNDLE_IDENTIFIER = com.ckost9n.iFlashChat;
				PRODUCT_NAME = "$(TARGET_NAME)";
				SWIFT_EMIT_LOC_STRINGS = YES;
				SWIFT_VERSION = 5.0;
				TARGETED_DEVICE_FAMILY = "1,2";
			};
			name = Release;
		};
/* End XCBuildConfiguration section */

/* Begin XCConfigurationList section */
		3C05EEA2281037FD00BE735A /* Build configuration list for PBXProject "iFlashChat" */ = {
			isa = XCConfigurationList;
			buildConfigurations = (
				3C05EEB92810380200BE735A /* Debug */,
				3C05EEBA2810380200BE735A /* Release */,
			);
			defaultConfigurationIsVisible = 0;
			defaultConfigurationName = Release;
		};
		3C05EEBB2810380200BE735A /* Build configuration list for PBXNativeTarget "iFlashChat" */ = {
			isa = XCConfigurationList;
			buildConfigurations = (
				3C05EEBC2810380200BE735A /* Debug */,
				3C05EEBD2810380200BE735A /* Release */,
			);
			defaultConfigurationIsVisible = 0;
			defaultConfigurationName = Release;
		};
/* End XCConfigurationList section */
	};
	rootObject = 3C05EE9F281037FD00BE735A /* Project object */;
}
